
Microsoft Visual Studio Solution File, Format Version 12.00
# Visual Studio Version 17
VisualStudioVersion = 17.4.33103.184
MinimumVisualStudioVersion = 10.0.40219.1
Project("{9A19103F-16F7-4668-BE54-9A1E7A4F7556}") = "GuiProject", "GuiProject\GuiProject.csproj", "{97BCC5BF-EDB5-4F75-9EBD-146EEA1722C7}"
EndProject
Project("{9A19103F-16F7-4668-BE54-9A1E7A4F7556}") = "GUIProject.core", "GUIProject.core\GUIProject.core.csproj", "{7D66E1CE-3221-4303-86D2-4961CF53DC45}"
EndProject
Global
	GlobalSection(SolutionConfigurationPlatforms) = preSolution
		Debug|Any CPU = Debug|Any CPU
		Release|Any CPU = Release|Any CPU
	EndGlobalSection
	GlobalSection(ProjectConfigurationPlatforms) = postSolution
		{97BCC5BF-EDB5-4F75-9EBD-146EEA1722C7}.Debug|Any CPU.ActiveCfg = Debug|Any CPU
		{97BCC5BF-EDB5-4F75-9EBD-146EEA1722C7}.Debug|Any CPU.Build.0 = Debug|Any CPU
		{97BCC5BF-EDB5-4F75-9EBD-146EEA1722C7}.Release|Any CPU.ActiveCfg = Release|Any CPU
		{97BCC5BF-EDB5-4F75-9EBD-146EEA1722C7}.Release|Any CPU.Build.0 = Release|Any CPU
		{7D66E1CE-3221-4303-86D2-4961CF53DC45}.Debug|Any CPU.ActiveCfg = Debug|Any CPU
		{7D66E1CE-3221-4303-86D2-4961CF53DC45}.Debug|Any CPU.Build.0 = Debug|Any CPU
		{7D66E1CE-3221-4303-86D2-4961CF53DC45}.Release|Any CPU.ActiveCfg = Release|Any CPU
		{7D66E1CE-3221-4303-86D2-4961CF53DC45}.Release|Any CPU.Build.0 = Release|Any CPU
	EndGlobalSection
	GlobalSection(SolutionProperties) = preSolution
		HideSolutionNode = FALSE
	EndGlobalSection
	GlobalSection(ExtensibilityGlobals) = postSolution
		SolutionGuid = {C5F74C11-A3A8-4B29-861D-3F8CDE2B9109}
	EndGlobalSection
EndGlobal
